
Microsoft Visual Studio Solution File, Format Version 12.00
# Visual Studio Version 17
VisualStudioVersion = 17.3.32819.101
MinimumVisualStudioVersion = 10.0.40219.1
Project("{F2A71F9B-5D33-465A-A702-920D77279786}") = "Kaleidoscope", "Kaleidoscope\Kaleidoscope.fsproj", "{2352F126-E84F-4A7B-8124-88C6CB8024B6}"
EndProject
Global
	GlobalSection(SolutionConfigurationPlatforms) = preSolution
		Debug|Any CPU = Debug|Any CPU
		Release|Any CPU = Release|Any CPU
	EndGlobalSection
	GlobalSection(ProjectConfigurationPlatforms) = postSolution
		{2352F126-E84F-4A7B-8124-88C6CB8024B6}.Debug|Any CPU.ActiveCfg = Debug|Any CPU
		{2352F126-E84F-4A7B-8124-88C6CB8024B6}.Debug|Any CPU.Build.0 = Debug|Any CPU
		{2352F126-E84F-4A7B-8124-88C6CB8024B6}.Release|Any CPU.ActiveCfg = Release|Any CPU
		{2352F126-E84F-4A7B-8124-88C6CB8024B6}.Release|Any CPU.Build.0 = Release|Any CPU
	EndGlobalSection
	GlobalSection(SolutionProperties) = preSolution
		HideSolutionNode = FALSE
	EndGlobalSection
	GlobalSection(ExtensibilityGlobals) = postSolution
		SolutionGuid = {5FB70E7F-3747-4C68-80B2-9263B38D15CC}
	EndGlobalSection
EndGlobal
